
Microsoft Visual Studio Solution File, Format Version 12.00
# Visual Studio Version 16
VisualStudioVersion = 16.0.31005.135
MinimumVisualStudioVersion = 10.0.40219.1
Project("{FAE04EC0-301F-11D3-BF4B-00C04F79EFBC}") = "OOPKayitIslemi", "OOPKayitIslemi\OOPKayitIslemi.csproj", "{300C12C9-E2A5-464B-A6C7-27020B6B40B8}"
EndProject
Global
	GlobalSection(SolutionConfigurationPlatforms) = preSolution
		Debug|Any CPU = Debug|Any CPU
		Release|Any CPU = Release|Any CPU
	EndGlobalSection
	GlobalSection(ProjectConfigurationPlatforms) = postSolution
		{300C12C9-E2A5-464B-A6C7-27020B6B40B8}.Debug|Any CPU.ActiveCfg = Debug|Any CPU
		{300C12C9-E2A5-464B-A6C7-27020B6B40B8}.Debug|Any CPU.Build.0 = Debug|Any CPU
		{300C12C9-E2A5-464B-A6C7-27020B6B40B8}.Release|Any CPU.ActiveCfg = Release|Any CPU
		{300C12C9-E2A5-464B-A6C7-27020B6B40B8}.Release|Any CPU.Build.0 = Release|Any CPU
	EndGlobalSection
	GlobalSection(SolutionProperties) = preSolution
		HideSolutionNode = FALSE
	EndGlobalSection
	GlobalSection(ExtensibilityGlobals) = postSolution
		SolutionGuid = {1A687F84-9BBF-46CF-9094-A16DB2B45BFA}
	EndGlobalSection
	GlobalSection(TeamFoundationVersionControl) = preSolution
		SccNumberOfProjects = 2
		SccEnterpriseProvider = {4CA58AB2-18FA-4F8D-95D4-32DDF27D184C}
		SccTeamFoundationServer = https://dev.azure.com/fatmagurel06
		SccLocalPath0 = .
		SccProjectUniqueName1 = OOPKayitIslemi\\OOPKayitIslemi.csproj
		SccProjectName1 = OOPKayitIslemi
		SccLocalPath1 = OOPKayitIslemi
	EndGlobalSection
EndGlobal
